
Microsoft Visual Studio Solution File, Format Version 12.00
# Visual Studio 14
VisualStudioVersion = 14.0.25420.1
MinimumVisualStudioVersion = 10.0.40219.1
Project("{FAE04EC0-301F-11D3-BF4B-00C04F79EFBC}") = "ConsoleToolkit", "ConsoleToolkit\ConsoleToolkit.csproj", "{A2662BFA-2746-4782-BAF9-B058D1695C18}"
EndProject
Project("{FAE04EC0-301F-11D3-BF4B-00C04F79EFBC}") = "ConsoleToolkitDemo", "ConsoleToolkitDemo\ConsoleToolkitDemo.csproj", "{772B7703-D46E-4885-B5C4-03880AA58FFB}"
EndProject
Project("{FAE04EC0-301F-11D3-BF4B-00C04F79EFBC}") = "ConsoleToolkitTests", "ConsoleToolkitTests\ConsoleToolkitTests.csproj", "{56C9C1DD-A7C6-46F6-A763-DC775FD1F58B}"
EndProject
Project("{2150E333-8FDC-42A3-9474-1A3956D46DE8}") = "4. Scripts", "4. Scripts", "{64E43720-EABB-4490-B7CA-A59C9F736F09}"
	ProjectSection(SolutionItems) = preProject
		Builds\BuildRelease.cmd = Builds\BuildRelease.cmd
	EndProjectSection
EndProject
Project("{2150E333-8FDC-42A3-9474-1A3956D46DE8}") = "1. Library", "1. Library", "{B9560A14-C93E-44AC-A7F3-2DC07075FB8C}"
EndProject
Project("{2150E333-8FDC-42A3-9474-1A3956D46DE8}") = "2. Tests", "2. Tests", "{5A0A62C9-CD4E-4602-BEB9-0589ACB4DB50}"
EndProject
Project("{2150E333-8FDC-42A3-9474-1A3956D46DE8}") = "3. Demos", "3. Demos", "{6D911E80-1263-45BA-91FB-E172390C00C5}"
EndProject
Project("{FAE04EC0-301F-11D3-BF4B-00C04F79EFBC}") = "CommandLoadTestAssembly", "ConsoleToolkitTests\CommandLoadTestAssembly\CommandLoadTestAssembly.csproj", "{76F6C4B9-D3A2-49AD-9AE7-3AC698753BFF}"
EndProject
Project("{FAE04EC0-301F-11D3-BF4B-00C04F79EFBC}") = "ConsoleApplicationDemo", "Demos\ConsoleApplicationDemo\ConsoleApplicationDemo.csproj", "{175B0883-CD7D-4DA0-9641-FEE19B147BA1}"
EndProject
Project("{2150E333-8FDC-42A3-9474-1A3956D46DE8}") = "5. Spikes", "5. Spikes", "{85D7B04E-A0D7-4464-8FA0-2F9C84AB130E}"
EndProject
Project("{FAE04EC0-301F-11D3-BF4B-00C04F79EFBC}") = "InputSpike", "Spikes\InputSpike\InputSpike.csproj", "{9153184F-0731-4C88-9CDC-D9C44FFC12A1}"
EndProject
Project("{FAE04EC0-301F-11D3-BF4B-00C04F79EFBC}") = "InteractiveCommandSample", "InteractiveCommandSample\InteractiveCommandSample.csproj", "{9A6A5573-511A-4F37-84B3-F73C5F835E7A}"
EndProject
Project("{FAE04EC0-301F-11D3-BF4B-00C04F79EFBC}") = "InteractiveOnlyConsoleApplication", "Demos\InteractiveOnlyConsoleApplication\InteractiveOnlyConsoleApplication.csproj", "{6C6765DA-D2D1-499B-9FE4-860D5FD41AC4}"
EndProject
Global
	GlobalSection(SolutionConfigurationPlatforms) = preSolution
		Debug|Any CPU = Debug|Any CPU
		Debug|Mixed Platforms = Debug|Mixed Platforms
		Debug|x86 = Debug|x86
		Release|Any CPU = Release|Any CPU
		Release|Mixed Platforms = Release|Mixed Platforms
		Release|x86 = Release|x86
	EndGlobalSection
	GlobalSection(ProjectConfigurationPlatforms) = postSolution
		{A2662BFA-2746-4782-BAF9-B058D1695C18}.Debug|Any CPU.ActiveCfg = Debug|Any CPU
		{A2662BFA-2746-4782-BAF9-B058D1695C18}.Debug|Any CPU.Build.0 = Debug|Any CPU
		{A2662BFA-2746-4782-BAF9-B058D1695C18}.Debug|Mixed Platforms.ActiveCfg = Debug|Any CPU
		{A2662BFA-2746-4782-BAF9-B058D1695C18}.Debug|Mixed Platforms.Build.0 = Debug|Any CPU
		{A2662BFA-2746-4782-BAF9-B058D1695C18}.Debug|x86.ActiveCfg = Debug|Any CPU
		{A2662BFA-2746-4782-BAF9-B058D1695C18}.Release|Any CPU.ActiveCfg = Release|Any CPU
		{A2662BFA-2746-4782-BAF9-B058D1695C18}.Release|Any CPU.Build.0 = Release|Any CPU
		{A2662BFA-2746-4782-BAF9-B058D1695C18}.Release|Mixed Platforms.ActiveCfg = Release|Any CPU
		{A2662BFA-2746-4782-BAF9-B058D1695C18}.Release|Mixed Platforms.Build.0 = Release|Any CPU
		{A2662BFA-2746-4782-BAF9-B058D1695C18}.Release|x86.ActiveCfg = Release|Any CPU
		{772B7703-D46E-4885-B5C4-03880AA58FFB}.Debug|Any CPU.ActiveCfg = Debug|Any CPU
		{772B7703-D46E-4885-B5C4-03880AA58FFB}.Debug|Any CPU.Build.0 = Debug|Any CPU
		{772B7703-D46E-4885-B5C4-03880AA58FFB}.Debug|Mixed Platforms.ActiveCfg = Debug|Any CPU
		{772B7703-D46E-4885-B5C4-03880AA58FFB}.Debug|Mixed Platforms.Build.0 = Debug|Any CPU
		{772B7703-D46E-4885-B5C4-03880AA58FFB}.Debug|x86.ActiveCfg = Debug|Any CPU
		{772B7703-D46E-4885-B5C4-03880AA58FFB}.Release|Any CPU.ActiveCfg = Release|Any CPU
		{772B7703-D46E-4885-B5C4-03880AA58FFB}.Release|Any CPU.Build.0 = Release|Any CPU
		{772B7703-D46E-4885-B5C4-03880AA58FFB}.Release|Mixed Platforms.ActiveCfg = Release|Any CPU
		{772B7703-D46E-4885-B5C4-03880AA58FFB}.Release|Mixed Platforms.Build.0 = Release|Any CPU
		{772B7703-D46E-4885-B5C4-03880AA58FFB}.Release|x86.ActiveCfg = Release|Any CPU
		{56C9C1DD-A7C6-46F6-A763-DC775FD1F58B}.Debug|Any CPU.ActiveCfg = Debug|Any CPU
		{56C9C1DD-A7C6-46F6-A763-DC775FD1F58B}.Debug|Any CPU.Build.0 = Debug|Any CPU
		{56C9C1DD-A7C6-46F6-A763-DC775FD1F58B}.Debug|Mixed Platforms.ActiveCfg = Debug|Any CPU
		{56C9C1DD-A7C6-46F6-A763-DC775FD1F58B}.Debug|Mixed Platforms.Build.0 = Debug|Any CPU
		{56C9C1DD-A7C6-46F6-A763-DC775FD1F58B}.Debug|x86.ActiveCfg = Debug|Any CPU
		{56C9C1DD-A7C6-46F6-A763-DC775FD1F58B}.Release|Any CPU.ActiveCfg = Release|Any CPU
		{56C9C1DD-A7C6-46F6-A763-DC775FD1F58B}.Release|Any CPU.Build.0 = Release|Any CPU
		{56C9C1DD-A7C6-46F6-A763-DC775FD1F58B}.Release|Mixed Platforms.ActiveCfg = Release|Any CPU
		{56C9C1DD-A7C6-46F6-A763-DC775FD1F58B}.Release|Mixed Platforms.Build.0 = Release|Any CPU
		{56C9C1DD-A7C6-46F6-A763-DC775FD1F58B}.Release|x86.ActiveCfg = Release|Any CPU
		{76F6C4B9-D3A2-49AD-9AE7-3AC698753BFF}.Debug|Any CPU.ActiveCfg = Debug|Any CPU
		{76F6C4B9-D3A2-49AD-9AE7-3AC698753BFF}.Debug|Any CPU.Build.0 = Debug|Any CPU
		{76F6C4B9-D3A2-49AD-9AE7-3AC698753BFF}.Debug|Mixed Platforms.ActiveCfg = Debug|Any CPU
		{76F6C4B9-D3A2-49AD-9AE7-3AC698753BFF}.Debug|Mixed Platforms.Build.0 = Debug|Any CPU
		{76F6C4B9-D3A2-49AD-9AE7-3AC698753BFF}.Debug|x86.ActiveCfg = Debug|Any CPU
		{76F6C4B9-D3A2-49AD-9AE7-3AC698753BFF}.Release|Any CPU.ActiveCfg = Release|Any CPU
		{76F6C4B9-D3A2-49AD-9AE7-3AC698753BFF}.Release|Any CPU.Build.0 = Release|Any CPU
		{76F6C4B9-D3A2-49AD-9AE7-3AC698753BFF}.Release|Mixed Platforms.ActiveCfg = Release|Any CPU
		{76F6C4B9-D3A2-49AD-9AE7-3AC698753BFF}.Release|Mixed Platforms.Build.0 = Release|Any CPU
		{76F6C4B9-D3A2-49AD-9AE7-3AC698753BFF}.Release|x86.ActiveCfg = Release|Any CPU
		{175B0883-CD7D-4DA0-9641-FEE19B147BA1}.Debug|Any CPU.ActiveCfg = Debug|Any CPU
		{175B0883-CD7D-4DA0-9641-FEE19B147BA1}.Debug|Any CPU.Build.0 = Debug|Any CPU
		{175B0883-CD7D-4DA0-9641-FEE19B147BA1}.Debug|Mixed Platforms.ActiveCfg = Debug|Any CPU
		{175B0883-CD7D-4DA0-9641-FEE19B147BA1}.Debug|Mixed Platforms.Build.0 = Debug|Any CPU
		{175B0883-CD7D-4DA0-9641-FEE19B147BA1}.Debug|x86.ActiveCfg = Debug|Any CPU
		{175B0883-CD7D-4DA0-9641-FEE19B147BA1}.Release|Any CPU.ActiveCfg = Release|Any CPU
		{175B0883-CD7D-4DA0-9641-FEE19B147BA1}.Release|Any CPU.Build.0 = Release|Any CPU
		{175B0883-CD7D-4DA0-9641-FEE19B147BA1}.Release|Mixed Platforms.ActiveCfg = Release|Any CPU
		{175B0883-CD7D-4DA0-9641-FEE19B147BA1}.Release|Mixed Platforms.Build.0 = Release|Any CPU
		{175B0883-CD7D-4DA0-9641-FEE19B147BA1}.Release|x86.ActiveCfg = Release|Any CPU
		{9153184F-0731-4C88-9CDC-D9C44FFC12A1}.Debug|Any CPU.ActiveCfg = Debug|Any CPU
		{9153184F-0731-4C88-9CDC-D9C44FFC12A1}.Debug|Any CPU.Build.0 = Debug|Any CPU
		{9153184F-0731-4C88-9CDC-D9C44FFC12A1}.Debug|Mixed Platforms.ActiveCfg = Debug|Any CPU
		{9153184F-0731-4C88-9CDC-D9C44FFC12A1}.Debug|Mixed Platforms.Build.0 = Debug|Any CPU
		{9153184F-0731-4C88-9CDC-D9C44FFC12A1}.Debug|x86.ActiveCfg = Debug|Any CPU
		{9153184F-0731-4C88-9CDC-D9C44FFC12A1}.Release|Any CPU.ActiveCfg = Release|Any CPU
		{9153184F-0731-4C88-9CDC-D9C44FFC12A1}.Release|Any CPU.Build.0 = Release|Any CPU
		{9153184F-0731-4C88-9CDC-D9C44FFC12A1}.Release|Mixed Platforms.ActiveCfg = Release|Any CPU
		{9153184F-0731-4C88-9CDC-D9C44FFC12A1}.Release|Mixed Platforms.Build.0 = Release|Any CPU
		{9153184F-0731-4C88-9CDC-D9C44FFC12A1}.Release|x86.ActiveCfg = Release|Any CPU
		{9A6A5573-511A-4F37-84B3-F73C5F835E7A}.Debug|Any CPU.ActiveCfg = Debug|Any CPU
		{9A6A5573-511A-4F37-84B3-F73C5F835E7A}.Debug|Any CPU.Build.0 = Debug|Any CPU
		{9A6A5573-511A-4F37-84B3-F73C5F835E7A}.Debug|Mixed Platforms.ActiveCfg = Debug|Any CPU
		{9A6A5573-511A-4F37-84B3-F73C5F835E7A}.Debug|Mixed Platforms.Build.0 = Debug|Any CPU
		{9A6A5573-511A-4F37-84B3-F73C5F835E7A}.Debug|x86.ActiveCfg = Debug|Any CPU
		{9A6A5573-511A-4F37-84B3-F73C5F835E7A}.Debug|x86.Build.0 = Debug|Any CPU
		{9A6A5573-511A-4F37-84B3-F73C5F835E7A}.Release|Any CPU.ActiveCfg = Release|Any CPU
		{9A6A5573-511A-4F37-84B3-F73C5F835E7A}.Release|Any CPU.Build.0 = Release|Any CPU
		{9A6A5573-511A-4F37-84B3-F73C5F835E7A}.Release|Mixed Platforms.ActiveCfg = Release|Any CPU
		{9A6A5573-511A-4F37-84B3-F73C5F835E7A}.Release|Mixed Platforms.Build.0 = Release|Any CPU
		{9A6A5573-511A-4F37-84B3-F73C5F835E7A}.Release|x86.ActiveCfg = Release|Any CPU
		{9A6A5573-511A-4F37-84B3-F73C5F835E7A}.Release|x86.Build.0 = Release|Any CPU
		{6C6765DA-D2D1-499B-9FE4-860D5FD41AC4}.Debug|Any CPU.ActiveCfg = Debug|Any CPU
		{6C6765DA-D2D1-499B-9FE4-860D5FD41AC4}.Debug|Any CPU.Build.0 = Debug|Any CPU
		{6C6765DA-D2D1-499B-9FE4-860D5FD41AC4}.Debug|Mixed Platforms.ActiveCfg = Debug|Any CPU
		{6C6765DA-D2D1-499B-9FE4-860D5FD41AC4}.Debug|Mixed Platforms.Build.0 = Debug|Any CPU
		{6C6765DA-D2D1-499B-9FE4-860D5FD41AC4}.Debug|x86.ActiveCfg = Debug|Any CPU
		{6C6765DA-D2D1-499B-9FE4-860D5FD41AC4}.Debug|x86.Build.0 = Debug|Any CPU
		{6C6765DA-D2D1-499B-9FE4-860D5FD41AC4}.Release|Any CPU.ActiveCfg = Release|Any CPU
		{6C6765DA-D2D1-499B-9FE4-860D5FD41AC4}.Release|Any CPU.Build.0 = Release|Any CPU
		{6C6765DA-D2D1-499B-9FE4-860D5FD41AC4}.Release|Mixed Platforms.ActiveCfg = Release|Any CPU
		{6C6765DA-D2D1-499B-9FE4-860D5FD41AC4}.Release|Mixed Platforms.Build.0 = Release|Any CPU
		{6C6765DA-D2D1-499B-9FE4-860D5FD41AC4}.Release|x86.ActiveCfg = Release|Any CPU
		{6C6765DA-D2D1-499B-9FE4-860D5FD41AC4}.Release|x86.Build.0 = Release|Any CPU
	EndGlobalSection
	GlobalSection(SolutionProperties) = preSolution
		HideSolutionNode = FALSE
	EndGlobalSection
	GlobalSection(NestedProjects) = preSolution
		{A2662BFA-2746-4782-BAF9-B058D1695C18} = {B9560A14-C93E-44AC-A7F3-2DC07075FB8C}
		{772B7703-D46E-4885-B5C4-03880AA58FFB} = {6D911E80-1263-45BA-91FB-E172390C00C5}
		{56C9C1DD-A7C6-46F6-A763-DC775FD1F58B} = {5A0A62C9-CD4E-4602-BEB9-0589ACB4DB50}
		{76F6C4B9-D3A2-49AD-9AE7-3AC698753BFF} = {5A0A62C9-CD4E-4602-BEB9-0589ACB4DB50}
		{175B0883-CD7D-4DA0-9641-FEE19B147BA1} = {6D911E80-1263-45BA-91FB-E172390C00C5}
		{9153184F-0731-4C88-9CDC-D9C44FFC12A1} = {85D7B04E-A0D7-4464-8FA0-2F9C84AB130E}
		{9A6A5573-511A-4F37-84B3-F73C5F835E7A} = {6D911E80-1263-45BA-91FB-E172390C00C5}
		{6C6765DA-D2D1-499B-9FE4-860D5FD41AC4} = {6D911E80-1263-45BA-91FB-E172390C00C5}
	EndGlobalSection
EndGlobal
